
Microsoft Visual Studio Solution File, Format Version 12.00
# Visual Studio Version 16
VisualStudioVersion = 16.0.31005.135
MinimumVisualStudioVersion = 10.0.40219.1
Project("{9A19103F-16F7-4668-BE54-9A1E7A4F7556}") = "CsharpExample", "CsharpExample.csproj", "{AA444B73-F78E-4F81-98D0-D145E2868306}"
EndProject
Global
	GlobalSection(SolutionConfigurationPlatforms) = preSolution
		Debug|Any CPU = Debug|Any CPU
		Release|Any CPU = Release|Any CPU
	EndGlobalSection
	GlobalSection(ProjectConfigurationPlatforms) = postSolution
		{AA444B73-F78E-4F81-98D0-D145E2868306}.Debug|Any CPU.ActiveCfg = Debug|Any CPU
		{AA444B73-F78E-4F81-98D0-D145E2868306}.Debug|Any CPU.Build.0 = Debug|Any CPU
		{AA444B73-F78E-4F81-98D0-D145E2868306}.Release|Any CPU.ActiveCfg = Release|Any CPU
		{AA444B73-F78E-4F81-98D0-D145E2868306}.Release|Any CPU.Build.0 = Release|Any CPU
	EndGlobalSection
	GlobalSection(SolutionProperties) = preSolution
		HideSolutionNode = FALSE
	EndGlobalSection
	GlobalSection(ExtensibilityGlobals) = postSolution
		SolutionGuid = {A8CF76ED-9C4B-4ECE-82F5-F932364C5BC2}
	EndGlobalSection
EndGlobal
