
Microsoft Visual Studio Solution File, Format Version 12.00
# Visual Studio Version 16
VisualStudioVersion = 16.0.31005.135
MinimumVisualStudioVersion = 10.0.40219.1
Project("{9A19103F-16F7-4668-BE54-9A1E7A4F7556}") = "DulAlgorithm", "DulAlgorithm\DulAlgorithm.csproj", "{E9EE7A8A-3220-4431-9612-A350985F9351}"
EndProject
Project("{9A19103F-16F7-4668-BE54-9A1E7A4F7556}") = "DullAlgorithm.ConsoleApp", "DullAlgorithm.ConsoleApp\DullAlgorithm.ConsoleApp.csproj", "{6BBFF9AD-5712-4764-8F98-446A1FD83D25}"
EndProject
Project("{9A19103F-16F7-4668-BE54-9A1E7A4F7556}") = "DulAlgorithmWindowsFormsApp1", "DulAlgorithmWindowsFormsApp1\DulAlgorithmWindowsFormsApp1.csproj", "{8FF9ABC4-D3B0-45DE-ACC7-70DC4225C22C}"
EndProject
Project("{FAE04EC0-301F-11D3-BF4B-00C04F79EFBC}") = "DulAlgorithm.Tests", "DulAlgorithm.Tests\DulAlgorithm.Tests.csproj", "{D565FE32-B71A-453D-A9E2-3AC55765D649}"
EndProject
Project("{2150E333-8FDC-42A3-9474-1A3956D46DE8}") = "UI", "UI", "{65A5EDE6-539F-4336-91CE-CBF53D63E50E}"
EndProject
Global
	GlobalSection(SolutionConfigurationPlatforms) = preSolution
		Debug|Any CPU = Debug|Any CPU
		Release|Any CPU = Release|Any CPU
	EndGlobalSection
	GlobalSection(ProjectConfigurationPlatforms) = postSolution
		{E9EE7A8A-3220-4431-9612-A350985F9351}.Debug|Any CPU.ActiveCfg = Debug|Any CPU
		{E9EE7A8A-3220-4431-9612-A350985F9351}.Debug|Any CPU.Build.0 = Debug|Any CPU
		{E9EE7A8A-3220-4431-9612-A350985F9351}.Release|Any CPU.ActiveCfg = Release|Any CPU
		{E9EE7A8A-3220-4431-9612-A350985F9351}.Release|Any CPU.Build.0 = Release|Any CPU
		{6BBFF9AD-5712-4764-8F98-446A1FD83D25}.Debug|Any CPU.ActiveCfg = Debug|Any CPU
		{6BBFF9AD-5712-4764-8F98-446A1FD83D25}.Debug|Any CPU.Build.0 = Debug|Any CPU
		{6BBFF9AD-5712-4764-8F98-446A1FD83D25}.Release|Any CPU.ActiveCfg = Release|Any CPU
		{6BBFF9AD-5712-4764-8F98-446A1FD83D25}.Release|Any CPU.Build.0 = Release|Any CPU
		{8FF9ABC4-D3B0-45DE-ACC7-70DC4225C22C}.Debug|Any CPU.ActiveCfg = Debug|Any CPU
		{8FF9ABC4-D3B0-45DE-ACC7-70DC4225C22C}.Debug|Any CPU.Build.0 = Debug|Any CPU
		{8FF9ABC4-D3B0-45DE-ACC7-70DC4225C22C}.Release|Any CPU.ActiveCfg = Release|Any CPU
		{8FF9ABC4-D3B0-45DE-ACC7-70DC4225C22C}.Release|Any CPU.Build.0 = Release|Any CPU
		{D565FE32-B71A-453D-A9E2-3AC55765D649}.Debug|Any CPU.ActiveCfg = Debug|Any CPU
		{D565FE32-B71A-453D-A9E2-3AC55765D649}.Debug|Any CPU.Build.0 = Debug|Any CPU
		{D565FE32-B71A-453D-A9E2-3AC55765D649}.Release|Any CPU.ActiveCfg = Release|Any CPU
		{D565FE32-B71A-453D-A9E2-3AC55765D649}.Release|Any CPU.Build.0 = Release|Any CPU
	EndGlobalSection
	GlobalSection(SolutionProperties) = preSolution
		HideSolutionNode = FALSE
	EndGlobalSection
	GlobalSection(NestedProjects) = preSolution
		{6BBFF9AD-5712-4764-8F98-446A1FD83D25} = {65A5EDE6-539F-4336-91CE-CBF53D63E50E}
		{8FF9ABC4-D3B0-45DE-ACC7-70DC4225C22C} = {65A5EDE6-539F-4336-91CE-CBF53D63E50E}
	EndGlobalSection
	GlobalSection(ExtensibilityGlobals) = postSolution
		SolutionGuid = {768D27BF-B4C5-45B6-A656-7EF51BF71C0F}
	EndGlobalSection
EndGlobal
